// !$*UTF8*$!
{
	archiveVersion = 1;
	classes = {
	};
	objectVersion = 56;
	objects = {

/* Begin PBXBuildFile section */
		0461E6E9663090CE6910518F /* Pods_LoginApp_LoginAppUITests.framework in Frameworks */ = {isa = PBXBuildFile; fileRef = 16B7112DAA5482C7E72E9126 /* Pods_LoginApp_LoginAppUITests.framework */; };
		3A83049C0537360F9D0E2AF8 /* Pods_LoginApp.framework in Frameworks */ = {isa = PBXBuildFile; fileRef = D40ACEF11DB1FEE323165B55 /* Pods_LoginApp.framework */; };
		669463083474236B00B66BBC /* Pods_LoginAppTests.framework in Frameworks */ = {isa = PBXBuildFile; fileRef = A8777C44AB4F90724FFF7D1D /* Pods_LoginAppTests.framework */; };
		A92B6B612B1871D1000846DF /* UIView+Extensions.swift in Sources */ = {isa = PBXBuildFile; fileRef = A92B6B602B1871D1000846DF /* UIView+Extensions.swift */; };
		A92B6B672B188F98000846DF /* LoginViewController.swift in Sources */ = {isa = PBXBuildFile; fileRef = A92B6B662B188F98000846DF /* LoginViewController.swift */; };
		A92B6B692B18AFA9000846DF /* LoginViewModel.swift in Sources */ = {isa = PBXBuildFile; fileRef = A92B6B682B18AFA9000846DF /* LoginViewModel.swift */; };
		A92B6B6B2B18B13C000846DF /* LoginType.swift in Sources */ = {isa = PBXBuildFile; fileRef = A92B6B6A2B18B13C000846DF /* LoginType.swift */; };
		A92B6B6D2B18B6F7000846DF /* LoginType+Extensions.swift in Sources */ = {isa = PBXBuildFile; fileRef = A92B6B6C2B18B6F7000846DF /* LoginType+Extensions.swift */; };
		A92B6B702B18BB4E000846DF /* TextField.swift in Sources */ = {isa = PBXBuildFile; fileRef = A92B6B6F2B18BB4E000846DF /* TextField.swift */; };
		A9A6337D2B1794CB00EAF6CB /* AppDelegate.swift in Sources */ = {isa = PBXBuildFile; fileRef = A9A6337C2B1794CB00EAF6CB /* AppDelegate.swift */; };
		A9A6337F2B1794CB00EAF6CB /* SceneDelegate.swift in Sources */ = {isa = PBXBuildFile; fileRef = A9A6337E2B1794CB00EAF6CB /* SceneDelegate.swift */; };
		A9A633812B1794CB00EAF6CB /* BaseViewController.swift in Sources */ = {isa = PBXBuildFile; fileRef = A9A633802B1794CB00EAF6CB /* BaseViewController.swift */; };
		A9A633862B1794CC00EAF6CB /* Assets.xcassets in Resources */ = {isa = PBXBuildFile; fileRef = A9A633852B1794CC00EAF6CB /* Assets.xcassets */; };
		A9A633892B1794CC00EAF6CB /* LaunchScreen.storyboard in Resources */ = {isa = PBXBuildFile; fileRef = A9A633872B1794CC00EAF6CB /* LaunchScreen.storyboard */; };
		A9A633942B1794CC00EAF6CB /* LoginAppTests.swift in Sources */ = {isa = PBXBuildFile; fileRef = A9A633932B1794CC00EAF6CB /* LoginAppTests.swift */; };
		A9A6339E2B1794CC00EAF6CB /* LoginAppUITests.swift in Sources */ = {isa = PBXBuildFile; fileRef = A9A6339D2B1794CC00EAF6CB /* LoginAppUITests.swift */; };
		A9A633A02B1794CC00EAF6CB /* LoginAppUITestsLaunchTests.swift in Sources */ = {isa = PBXBuildFile; fileRef = A9A6339F2B1794CC00EAF6CB /* LoginAppUITestsLaunchTests.swift */; };
		A9F8B3DF2B18C20F00E415D5 /* LoginResponse.json in Resources */ = {isa = PBXBuildFile; fileRef = A9F8B3DE2B18C20F00E415D5 /* LoginResponse.json */; };
		A9F8B3E22B19849A00E415D5 /* LoginService.swift in Sources */ = {isa = PBXBuildFile; fileRef = A9F8B3E12B19849A00E415D5 /* LoginService.swift */; };
		A9F8B3E42B1984E000E415D5 /* Endpoint.swift in Sources */ = {isa = PBXBuildFile; fileRef = A9F8B3E32B1984E000E415D5 /* Endpoint.swift */; };
		A9F8B3E62B19869100E415D5 /* LoginError.json in Resources */ = {isa = PBXBuildFile; fileRef = A9F8B3E52B19869100E415D5 /* LoginError.json */; };
		A9F8B3E82B1986DE00E415D5 /* LoginResponse.swift in Sources */ = {isa = PBXBuildFile; fileRef = A9F8B3E72B1986DE00E415D5 /* LoginResponse.swift */; };
		A9F8B3EA2B198D6000E415D5 /* LogoutResponse.json in Resources */ = {isa = PBXBuildFile; fileRef = A9F8B3E92B198D6000E415D5 /* LogoutResponse.json */; };
		A9F8B3EE2B19921D00E415D5 /* TokenManager.swift in Sources */ = {isa = PBXBuildFile; fileRef = A9F8B3ED2B19921D00E415D5 /* TokenManager.swift */; };
		A9F8B3F02B19A13000E415D5 /* UIViewController+Extensions.swift in Sources */ = {isa = PBXBuildFile; fileRef = A9F8B3EF2B19A13000E415D5 /* UIViewController+Extensions.swift */; };
/* End PBXBuildFile section */

/* Begin PBXContainerItemProxy section */
		A9A633902B1794CC00EAF6CB /* PBXContainerItemProxy */ = {
			isa = PBXContainerItemProxy;
			containerPortal = A9A633712B1794CA00EAF6CB /* Project object */;
			proxyType = 1;
			remoteGlobalIDString = A9A633782B1794CB00EAF6CB;
			remoteInfo = LoginApp;
		};
		A9A6339A2B1794CC00EAF6CB /* PBXContainerItemProxy */ = {
			isa = PBXContainerItemProxy;
			containerPortal = A9A633712B1794CA00EAF6CB /* Project object */;
			proxyType = 1;
			remoteGlobalIDString = A9A633782B1794CB00EAF6CB;
			remoteInfo = LoginApp;
		};
/* End PBXContainerItemProxy section */

/* Begin PBXFileReference section */
		00A8C2D5F327BCF90C00057A /* Pods-LoginApp-LoginAppUITests.debug.xcconfig */ = {isa = PBXFileReference; includeInIndex = 1; lastKnownFileType = text.xcconfig; name = "Pods-LoginApp-LoginAppUITests.debug.xcconfig"; path = "Target Support Files/Pods-LoginApp-LoginAppUITests/Pods-LoginApp-LoginAppUITests.debug.xcconfig"; sourceTree = "<group>"; };
		16B7112DAA5482C7E72E9126 /* Pods_LoginApp_LoginAppUITests.framework */ = {isa = PBXFileReference; explicitFileType = wrapper.framework; includeInIndex = 0; path = Pods_LoginApp_LoginAppUITests.framework; sourceTree = BUILT_PRODUCTS_DIR; };
		1B5764D32BBA8186CECFF803 /* Pods-LoginAppTests.release.xcconfig */ = {isa = PBXFileReference; includeInIndex = 1; lastKnownFileType = text.xcconfig; name = "Pods-LoginAppTests.release.xcconfig"; path = "Target Support Files/Pods-LoginAppTests/Pods-LoginAppTests.release.xcconfig"; sourceTree = "<group>"; };
		64FA6DF1FFA595C06F49346B /* Pods-LoginApp.release.xcconfig */ = {isa = PBXFileReference; includeInIndex = 1; lastKnownFileType = text.xcconfig; name = "Pods-LoginApp.release.xcconfig"; path = "Target Support Files/Pods-LoginApp/Pods-LoginApp.release.xcconfig"; sourceTree = "<group>"; };
		8457F620C6EB6B32E4542293 /* Pods-LoginAppTests.debug.xcconfig */ = {isa = PBXFileReference; includeInIndex = 1; lastKnownFileType = text.xcconfig; name = "Pods-LoginAppTests.debug.xcconfig"; path = "Target Support Files/Pods-LoginAppTests/Pods-LoginAppTests.debug.xcconfig"; sourceTree = "<group>"; };
		A8777C44AB4F90724FFF7D1D /* Pods_LoginAppTests.framework */ = {isa = PBXFileReference; explicitFileType = wrapper.framework; includeInIndex = 0; path = Pods_LoginAppTests.framework; sourceTree = BUILT_PRODUCTS_DIR; };
		A92B6B602B1871D1000846DF /* UIView+Extensions.swift */ = {isa = PBXFileReference; lastKnownFileType = sourcecode.swift; path = "UIView+Extensions.swift"; sourceTree = "<group>"; };
		A92B6B662B188F98000846DF /* LoginViewController.swift */ = {isa = PBXFileReference; lastKnownFileType = sourcecode.swift; path = LoginViewController.swift; sourceTree = "<group>"; };
		A92B6B682B18AFA9000846DF /* LoginViewModel.swift */ = {isa = PBXFileReference; lastKnownFileType = sourcecode.swift; path = LoginViewModel.swift; sourceTree = "<group>"; };
		A92B6B6A2B18B13C000846DF /* LoginType.swift */ = {isa = PBXFileReference; lastKnownFileType = sourcecode.swift; path = LoginType.swift; sourceTree = "<group>"; };
		A92B6B6C2B18B6F7000846DF /* LoginType+Extensions.swift */ = {isa = PBXFileReference; lastKnownFileType = sourcecode.swift; path = "LoginType+Extensions.swift"; sourceTree = "<group>"; };
		A92B6B6F2B18BB4E000846DF /* TextField.swift */ = {isa = PBXFileReference; lastKnownFileType = sourcecode.swift; path = TextField.swift; sourceTree = "<group>"; };
		A9A633792B1794CB00EAF6CB /* LoginApp.app */ = {isa = PBXFileReference; explicitFileType = wrapper.application; includeInIndex = 0; path = LoginApp.app; sourceTree = BUILT_PRODUCTS_DIR; };
		A9A6337C2B1794CB00EAF6CB /* AppDelegate.swift */ = {isa = PBXFileReference; lastKnownFileType = sourcecode.swift; path = AppDelegate.swift; sourceTree = "<group>"; };
		A9A6337E2B1794CB00EAF6CB /* SceneDelegate.swift */ = {isa = PBXFileReference; lastKnownFileType = sourcecode.swift; path = SceneDelegate.swift; sourceTree = "<group>"; };
		A9A633802B1794CB00EAF6CB /* BaseViewController.swift */ = {isa = PBXFileReference; lastKnownFileType = sourcecode.swift; path = BaseViewController.swift; sourceTree = "<group>"; };
		A9A633852B1794CC00EAF6CB /* Assets.xcassets */ = {isa = PBXFileReference; lastKnownFileType = folder.assetcatalog; path = Assets.xcassets; sourceTree = "<group>"; };
		A9A633882B1794CC00EAF6CB /* Base */ = {isa = PBXFileReference; lastKnownFileType = file.storyboard; name = Base; path = Base.lproj/LaunchScreen.storyboard; sourceTree = "<group>"; };
		A9A6338A2B1794CC00EAF6CB /* Info.plist */ = {isa = PBXFileReference; lastKnownFileType = text.plist.xml; path = Info.plist; sourceTree = "<group>"; };
		A9A6338F2B1794CC00EAF6CB /* LoginAppTests.xctest */ = {isa = PBXFileReference; explicitFileType = wrapper.cfbundle; includeInIndex = 0; path = LoginAppTests.xctest; sourceTree = BUILT_PRODUCTS_DIR; };
		A9A633932B1794CC00EAF6CB /* LoginAppTests.swift */ = {isa = PBXFileReference; lastKnownFileType = sourcecode.swift; path = LoginAppTests.swift; sourceTree = "<group>"; };
		A9A633992B1794CC00EAF6CB /* LoginAppUITests.xctest */ = {isa = PBXFileReference; explicitFileType = wrapper.cfbundle; includeInIndex = 0; path = LoginAppUITests.xctest; sourceTree = BUILT_PRODUCTS_DIR; };
		A9A6339D2B1794CC00EAF6CB /* LoginAppUITests.swift */ = {isa = PBXFileReference; lastKnownFileType = sourcecode.swift; path = LoginAppUITests.swift; sourceTree = "<group>"; };
		A9A6339F2B1794CC00EAF6CB /* LoginAppUITestsLaunchTests.swift */ = {isa = PBXFileReference; lastKnownFileType = sourcecode.swift; path = LoginAppUITestsLaunchTests.swift; sourceTree = "<group>"; };
		A9F8B3DE2B18C20F00E415D5 /* LoginResponse.json */ = {isa = PBXFileReference; lastKnownFileType = text.json; path = LoginResponse.json; sourceTree = "<group>"; };
		A9F8B3E12B19849A00E415D5 /* LoginService.swift */ = {isa = PBXFileReference; lastKnownFileType = sourcecode.swift; path = LoginService.swift; sourceTree = "<group>"; };
		A9F8B3E32B1984E000E415D5 /* Endpoint.swift */ = {isa = PBXFileReference; lastKnownFileType = sourcecode.swift; path = Endpoint.swift; sourceTree = "<group>"; };
		A9F8B3E52B19869100E415D5 /* LoginError.json */ = {isa = PBXFileReference; fileEncoding = 4; lastKnownFileType = text.json; path = LoginError.json; sourceTree = "<group>"; };
		A9F8B3E72B1986DE00E415D5 /* LoginResponse.swift */ = {isa = PBXFileReference; lastKnownFileType = sourcecode.swift; path = LoginResponse.swift; sourceTree = "<group>"; };
		A9F8B3E92B198D6000E415D5 /* LogoutResponse.json */ = {isa = PBXFileReference; fileEncoding = 4; lastKnownFileType = text.json; path = LogoutResponse.json; sourceTree = "<group>"; };
		A9F8B3ED2B19921D00E415D5 /* TokenManager.swift */ = {isa = PBXFileReference; lastKnownFileType = sourcecode.swift; path = TokenManager.swift; sourceTree = "<group>"; };
		A9F8B3EF2B19A13000E415D5 /* UIViewController+Extensions.swift */ = {isa = PBXFileReference; lastKnownFileType = sourcecode.swift; path = "UIViewController+Extensions.swift"; sourceTree = "<group>"; };
		B6F833C6E25D6607C7475135 /* Pods-LoginApp-LoginAppUITests.release.xcconfig */ = {isa = PBXFileReference; includeInIndex = 1; lastKnownFileType = text.xcconfig; name = "Pods-LoginApp-LoginAppUITests.release.xcconfig"; path = "Target Support Files/Pods-LoginApp-LoginAppUITests/Pods-LoginApp-LoginAppUITests.release.xcconfig"; sourceTree = "<group>"; };
		D40ACEF11DB1FEE323165B55 /* Pods_LoginApp.framework */ = {isa = PBXFileReference; explicitFileType = wrapper.framework; includeInIndex = 0; path = Pods_LoginApp.framework; sourceTree = BUILT_PRODUCTS_DIR; };
		DD8D816F24EC7761DB13CACA /* Pods-LoginApp.debug.xcconfig */ = {isa = PBXFileReference; includeInIndex = 1; lastKnownFileType = text.xcconfig; name = "Pods-LoginApp.debug.xcconfig"; path = "Target Support Files/Pods-LoginApp/Pods-LoginApp.debug.xcconfig"; sourceTree = "<group>"; };
/* End PBXFileReference section */

/* Begin PBXFrameworksBuildPhase section */
		A9A633762B1794CB00EAF6CB /* Frameworks */ = {
			isa = PBXFrameworksBuildPhase;
			buildActionMask = 2147483647;
			files = (
				3A83049C0537360F9D0E2AF8 /* Pods_LoginApp.framework in Frameworks */,
			);
			runOnlyForDeploymentPostprocessing = 0;
		};
		A9A6338C2B1794CC00EAF6CB /* Frameworks */ = {
			isa = PBXFrameworksBuildPhase;
			buildActionMask = 2147483647;
			files = (
				669463083474236B00B66BBC /* Pods_LoginAppTests.framework in Frameworks */,
			);
			runOnlyForDeploymentPostprocessing = 0;
		};
		A9A633962B1794CC00EAF6CB /* Frameworks */ = {
			isa = PBXFrameworksBuildPhase;
			buildActionMask = 2147483647;
			files = (
				0461E6E9663090CE6910518F /* Pods_LoginApp_LoginAppUITests.framework in Frameworks */,
			);
			runOnlyForDeploymentPostprocessing = 0;
		};
/* End PBXFrameworksBuildPhase section */

/* Begin PBXGroup section */
		974341FCCA10AF2DB9DCEBB8 /* Frameworks */ = {
			isa = PBXGroup;
			children = (
				D40ACEF11DB1FEE323165B55 /* Pods_LoginApp.framework */,
				16B7112DAA5482C7E72E9126 /* Pods_LoginApp_LoginAppUITests.framework */,
				A8777C44AB4F90724FFF7D1D /* Pods_LoginAppTests.framework */,
			);
			name = Frameworks;
			sourceTree = "<group>";
		};
		A92B6B5E2B18452C000846DF /* BaseView */ = {
			isa = PBXGroup;
			children = (
				A9A633802B1794CB00EAF6CB /* BaseViewController.swift */,
			);
			path = BaseView;
			sourceTree = "<group>";
		};
		A92B6B5F2B1871C1000846DF /* Extensions */ = {
			isa = PBXGroup;
			children = (
				A92B6B602B1871D1000846DF /* UIView+Extensions.swift */,
				A9F8B3EF2B19A13000E415D5 /* UIViewController+Extensions.swift */,
			);
			path = Extensions;
			sourceTree = "<group>";
		};
		A92B6B652B188F7C000846DF /* LoginView */ = {
			isa = PBXGroup;
			children = (
				A92B6B662B188F98000846DF /* LoginViewController.swift */,
				A92B6B682B18AFA9000846DF /* LoginViewModel.swift */,
				A92B6B6A2B18B13C000846DF /* LoginType.swift */,
				A92B6B6C2B18B6F7000846DF /* LoginType+Extensions.swift */,
			);
			path = LoginView;
			sourceTree = "<group>";
		};
		A92B6B6E2B18BB42000846DF /* CustomView */ = {
			isa = PBXGroup;
			children = (
				A92B6B6F2B18BB4E000846DF /* TextField.swift */,
			);
			path = CustomView;
			sourceTree = "<group>";
		};
		A9A633702B1794CA00EAF6CB = {
			isa = PBXGroup;
			children = (
				A9A6337B2B1794CB00EAF6CB /* LoginApp */,
				A9A633922B1794CC00EAF6CB /* LoginAppTests */,
				A9A6339C2B1794CC00EAF6CB /* LoginAppUITests */,
				A9A6337A2B1794CB00EAF6CB /* Products */,
				C71CA60B09DE1C973852415F /* Pods */,
				974341FCCA10AF2DB9DCEBB8 /* Frameworks */,
			);
			sourceTree = "<group>";
		};
		A9A6337A2B1794CB00EAF6CB /* Products */ = {
			isa = PBXGroup;
			children = (
				A9A633792B1794CB00EAF6CB /* LoginApp.app */,
				A9A6338F2B1794CC00EAF6CB /* LoginAppTests.xctest */,
				A9A633992B1794CC00EAF6CB /* LoginAppUITests.xctest */,
			);
			name = Products;
			sourceTree = "<group>";
		};
		A9A6337B2B1794CB00EAF6CB /* LoginApp */ = {
			isa = PBXGroup;
			children = (
				A9F8B3E02B19848800E415D5 /* API */,
				A92B6B6E2B18BB42000846DF /* CustomView */,
				A92B6B652B188F7C000846DF /* LoginView */,
				A92B6B5F2B1871C1000846DF /* Extensions */,
				A92B6B5E2B18452C000846DF /* BaseView */,
				A9A6337C2B1794CB00EAF6CB /* AppDelegate.swift */,
				A9A6337E2B1794CB00EAF6CB /* SceneDelegate.swift */,
				A9A633852B1794CC00EAF6CB /* Assets.xcassets */,
				A9A633872B1794CC00EAF6CB /* LaunchScreen.storyboard */,
				A9A6338A2B1794CC00EAF6CB /* Info.plist */,
				A9F8B3EB2B198D6600E415D5 /* MockResponse */,
			);
			path = LoginApp;
			sourceTree = "<group>";
		};
		A9A633922B1794CC00EAF6CB /* LoginAppTests */ = {
			isa = PBXGroup;
			children = (
				A9A633932B1794CC00EAF6CB /* LoginAppTests.swift */,
			);
			path = LoginAppTests;
			sourceTree = "<group>";
		};
		A9A6339C2B1794CC00EAF6CB /* LoginAppUITests */ = {
			isa = PBXGroup;
			children = (
				A9A6339D2B1794CC00EAF6CB /* LoginAppUITests.swift */,
				A9A6339F2B1794CC00EAF6CB /* LoginAppUITestsLaunchTests.swift */,
			);
			path = LoginAppUITests;
			sourceTree = "<group>";
		};
		A9F8B3E02B19848800E415D5 /* API */ = {
			isa = PBXGroup;
			children = (
				A9F8B3EC2B19920800E415D5 /* Keychain */,
				A9F8B3E12B19849A00E415D5 /* LoginService.swift */,
				A9F8B3E32B1984E000E415D5 /* Endpoint.swift */,
				A9F8B3E72B1986DE00E415D5 /* LoginResponse.swift */,
			);
			path = API;
			sourceTree = "<group>";
		};
		A9F8B3EB2B198D6600E415D5 /* MockResponse */ = {
			isa = PBXGroup;
			children = (
				A9F8B3E92B198D6000E415D5 /* LogoutResponse.json */,
				A9F8B3E52B19869100E415D5 /* LoginError.json */,
				A9F8B3DE2B18C20F00E415D5 /* LoginResponse.json */,
			);
			path = MockResponse;
			sourceTree = "<group>";
		};
		A9F8B3EC2B19920800E415D5 /* Keychain */ = {
			isa = PBXGroup;
			children = (
				A9F8B3ED2B19921D00E415D5 /* TokenManager.swift */,
			);
			path = Keychain;
			sourceTree = "<group>";
		};
		C71CA60B09DE1C973852415F /* Pods */ = {
			isa = PBXGroup;
			children = (
				DD8D816F24EC7761DB13CACA /* Pods-LoginApp.debug.xcconfig */,
				64FA6DF1FFA595C06F49346B /* Pods-LoginApp.release.xcconfig */,
				00A8C2D5F327BCF90C00057A /* Pods-LoginApp-LoginAppUITests.debug.xcconfig */,
				B6F833C6E25D6607C7475135 /* Pods-LoginApp-LoginAppUITests.release.xcconfig */,
				8457F620C6EB6B32E4542293 /* Pods-LoginAppTests.debug.xcconfig */,
				1B5764D32BBA8186CECFF803 /* Pods-LoginAppTests.release.xcconfig */,
			);
			path = Pods;
			sourceTree = "<group>";
		};
/* End PBXGroup section */

/* Begin PBXNativeTarget section */
		A9A633782B1794CB00EAF6CB /* LoginApp */ = {
			isa = PBXNativeTarget;
			buildConfigurationList = A9A633A32B1794CC00EAF6CB /* Build configuration list for PBXNativeTarget "LoginApp" */;
			buildPhases = (
				DF12EDC94848E11100A0AE40 /* [CP] Check Pods Manifest.lock */,
				A9A633752B1794CB00EAF6CB /* Sources */,
				A9A633762B1794CB00EAF6CB /* Frameworks */,
				A9A633772B1794CB00EAF6CB /* Resources */,
				213C4ECD67883FC276A9081D /* [CP] Embed Pods Frameworks */,
			);
			buildRules = (
			);
			dependencies = (
			);
			name = LoginApp;
			productName = LoginApp;
			productReference = A9A633792B1794CB00EAF6CB /* LoginApp.app */;
			productType = "com.apple.product-type.application";
		};
		A9A6338E2B1794CC00EAF6CB /* LoginAppTests */ = {
			isa = PBXNativeTarget;
			buildConfigurationList = A9A633A62B1794CC00EAF6CB /* Build configuration list for PBXNativeTarget "LoginAppTests" */;
			buildPhases = (
				C6D52FFF6C4BAF1F8E545042 /* [CP] Check Pods Manifest.lock */,
				A9A6338B2B1794CC00EAF6CB /* Sources */,
				A9A6338C2B1794CC00EAF6CB /* Frameworks */,
				A9A6338D2B1794CC00EAF6CB /* Resources */,
			);
			buildRules = (
			);
			dependencies = (
				A9A633912B1794CC00EAF6CB /* PBXTargetDependency */,
			);
			name = LoginAppTests;
			productName = LoginAppTests;
			productReference = A9A6338F2B1794CC00EAF6CB /* LoginAppTests.xctest */;
			productType = "com.apple.product-type.bundle.unit-test";
		};
		A9A633982B1794CC00EAF6CB /* LoginAppUITests */ = {
			isa = PBXNativeTarget;
			buildConfigurationList = A9A633A92B1794CC00EAF6CB /* Build configuration list for PBXNativeTarget "LoginAppUITests" */;
			buildPhases = (
				68B1F977069852F507795863 /* [CP] Check Pods Manifest.lock */,
				A9A633952B1794CC00EAF6CB /* Sources */,
				A9A633962B1794CC00EAF6CB /* Frameworks */,
				A9A633972B1794CC00EAF6CB /* Resources */,
				FE6E3014F0B4A13FD9010C7F /* [CP] Embed Pods Frameworks */,
			);
			buildRules = (
			);
			dependencies = (
				A9A6339B2B1794CC00EAF6CB /* PBXTargetDependency */,
			);
			name = LoginAppUITests;
			productName = LoginAppUITests;
			productReference = A9A633992B1794CC00EAF6CB /* LoginAppUITests.xctest */;
			productType = "com.apple.product-type.bundle.ui-testing";
		};
/* End PBXNativeTarget section */

/* Begin PBXProject section */
		A9A633712B1794CA00EAF6CB /* Project object */ = {
			isa = PBXProject;
			attributes = {
				BuildIndependentTargetsInParallel = 1;
				LastSwiftUpdateCheck = 1430;
				LastUpgradeCheck = 1430;
				TargetAttributes = {
					A9A633782B1794CB00EAF6CB = {
						CreatedOnToolsVersion = 14.3;
					};
					A9A6338E2B1794CC00EAF6CB = {
						CreatedOnToolsVersion = 14.3;
						TestTargetID = A9A633782B1794CB00EAF6CB;
					};
					A9A633982B1794CC00EAF6CB = {
						CreatedOnToolsVersion = 14.3;
						TestTargetID = A9A633782B1794CB00EAF6CB;
					};
				};
			};
			buildConfigurationList = A9A633742B1794CA00EAF6CB /* Build configuration list for PBXProject "LoginApp" */;
			compatibilityVersion = "Xcode 14.0";
			developmentRegion = en;
			hasScannedForEncodings = 0;
			knownRegions = (
				en,
				Base,
			);
			mainGroup = A9A633702B1794CA00EAF6CB;
			productRefGroup = A9A6337A2B1794CB00EAF6CB /* Products */;
			projectDirPath = "";
			projectRoot = "";
			targets = (
				A9A633782B1794CB00EAF6CB /* LoginApp */,
				A9A6338E2B1794CC00EAF6CB /* LoginAppTests */,
				A9A633982B1794CC00EAF6CB /* LoginAppUITests */,
			);
		};
/* End PBXProject section */

/* Begin PBXResourcesBuildPhase section */
		A9A633772B1794CB00EAF6CB /* Resources */ = {
			isa = PBXResourcesBuildPhase;
			buildActionMask = 2147483647;
			files = (
				A9A633892B1794CC00EAF6CB /* LaunchScreen.storyboard in Resources */,
				A9F8B3DF2B18C20F00E415D5 /* LoginResponse.json in Resources */,
				A9F8B3E62B19869100E415D5 /* LoginError.json in Resources */,
				A9A633862B1794CC00EAF6CB /* Assets.xcassets in Resources */,
				A9F8B3EA2B198D6000E415D5 /* LogoutResponse.json in Resources */,
			);
			runOnlyForDeploymentPostprocessing = 0;
		};
		A9A6338D2B1794CC00EAF6CB /* Resources */ = {
			isa = PBXResourcesBuildPhase;
			buildActionMask = 2147483647;
			files = (
			);
			runOnlyForDeploymentPostprocessing = 0;
		};
		A9A633972B1794CC00EAF6CB /* Resources */ = {
			isa = PBXResourcesBuildPhase;
			buildActionMask = 2147483647;
			files = (
			);
			runOnlyForDeploymentPostprocessing = 0;
		};
/* End PBXResourcesBuildPhase section */

/* Begin PBXShellScriptBuildPhase section */
		213C4ECD67883FC276A9081D /* [CP] Embed Pods Frameworks */ = {
			isa = PBXShellScriptBuildPhase;
			buildActionMask = 2147483647;
			files = (
			);
			inputFileListPaths = (
				"${PODS_ROOT}/Target Support Files/Pods-LoginApp/Pods-LoginApp-frameworks-${CONFIGURATION}-input-files.xcfilelist",
			);
			name = "[CP] Embed Pods Frameworks";
			outputFileListPaths = (
				"${PODS_ROOT}/Target Support Files/Pods-LoginApp/Pods-LoginApp-frameworks-${CONFIGURATION}-output-files.xcfilelist",
			);
			runOnlyForDeploymentPostprocessing = 0;
			shellPath = /bin/sh;
			shellScript = "\"${PODS_ROOT}/Target Support Files/Pods-LoginApp/Pods-LoginApp-frameworks.sh\"\n";
			showEnvVarsInLog = 0;
		};
		68B1F977069852F507795863 /* [CP] Check Pods Manifest.lock */ = {
			isa = PBXShellScriptBuildPhase;
			buildActionMask = 2147483647;
			files = (
			);
			inputFileListPaths = (
			);
			inputPaths = (
				"${PODS_PODFILE_DIR_PATH}/Podfile.lock",
				"${PODS_ROOT}/Manifest.lock",
			);
			name = "[CP] Check Pods Manifest.lock";
			outputFileListPaths = (
			);
			outputPaths = (
				"$(DERIVED_FILE_DIR)/Pods-LoginApp-LoginAppUITests-checkManifestLockResult.txt",
			);
			runOnlyForDeploymentPostprocessing = 0;
			shellPath = /bin/sh;
			shellScript = "diff \"${PODS_PODFILE_DIR_PATH}/Podfile.lock\" \"${PODS_ROOT}/Manifest.lock\" > /dev/null\nif [ $? != 0 ] ; then\n    # print error to STDERR\n    echo \"error: The sandbox is not in sync with the Podfile.lock. Run 'pod install' or update your CocoaPods installation.\" >&2\n    exit 1\nfi\n# This output is used by Xcode 'outputs' to avoid re-running this script phase.\necho \"SUCCESS\" > \"${SCRIPT_OUTPUT_FILE_0}\"\n";
			showEnvVarsInLog = 0;
		};
		C6D52FFF6C4BAF1F8E545042 /* [CP] Check Pods Manifest.lock */ = {
			isa = PBXShellScriptBuildPhase;
			buildActionMask = 2147483647;
			files = (
			);
			inputFileListPaths = (
			);
			inputPaths = (
				"${PODS_PODFILE_DIR_PATH}/Podfile.lock",
				"${PODS_ROOT}/Manifest.lock",
			);
			name = "[CP] Check Pods Manifest.lock";
			outputFileListPaths = (
			);
			outputPaths = (
				"$(DERIVED_FILE_DIR)/Pods-LoginAppTests-checkManifestLockResult.txt",
			);
			runOnlyForDeploymentPostprocessing = 0;
			shellPath = /bin/sh;
			shellScript = "diff \"${PODS_PODFILE_DIR_PATH}/Podfile.lock\" \"${PODS_ROOT}/Manifest.lock\" > /dev/null\nif [ $? != 0 ] ; then\n    # print error to STDERR\n    echo \"error: The sandbox is not in sync with the Podfile.lock. Run 'pod install' or update your CocoaPods installation.\" >&2\n    exit 1\nfi\n# This output is used by Xcode 'outputs' to avoid re-running this script phase.\necho \"SUCCESS\" > \"${SCRIPT_OUTPUT_FILE_0}\"\n";
			showEnvVarsInLog = 0;
		};
		DF12EDC94848E11100A0AE40 /* [CP] Check Pods Manifest.lock */ = {
			isa = PBXShellScriptBuildPhase;
			buildActionMask = 2147483647;
			files = (
			);
			inputFileListPaths = (
			);
			inputPaths = (
				"${PODS_PODFILE_DIR_PATH}/Podfile.lock",
				"${PODS_ROOT}/Manifest.lock",
			);
			name = "[CP] Check Pods Manifest.lock";
			outputFileListPaths = (
			);
			outputPaths = (
				"$(DERIVED_FILE_DIR)/Pods-LoginApp-checkManifestLockResult.txt",
			);
			runOnlyForDeploymentPostprocessing = 0;
			shellPath = /bin/sh;
			shellScript = "diff \"${PODS_PODFILE_DIR_PATH}/Podfile.lock\" \"${PODS_ROOT}/Manifest.lock\" > /dev/null\nif [ $? != 0 ] ; then\n    # print error to STDERR\n    echo \"error: The sandbox is not in sync with the Podfile.lock. Run 'pod install' or update your CocoaPods installation.\" >&2\n    exit 1\nfi\n# This output is used by Xcode 'outputs' to avoid re-running this script phase.\necho \"SUCCESS\" > \"${SCRIPT_OUTPUT_FILE_0}\"\n";
			showEnvVarsInLog = 0;
		};
		FE6E3014F0B4A13FD9010C7F /* [CP] Embed Pods Frameworks */ = {
			isa = PBXShellScriptBuildPhase;
			buildActionMask = 2147483647;
			files = (
			);
			inputFileListPaths = (
				"${PODS_ROOT}/Target Support Files/Pods-LoginApp-LoginAppUITests/Pods-LoginApp-LoginAppUITests-frameworks-${CONFIGURATION}-input-files.xcfilelist",
			);
			name = "[CP] Embed Pods Frameworks";
			outputFileListPaths = (
				"${PODS_ROOT}/Target Support Files/Pods-LoginApp-LoginAppUITests/Pods-LoginApp-LoginAppUITests-frameworks-${CONFIGURATION}-output-files.xcfilelist",
			);
			runOnlyForDeploymentPostprocessing = 0;
			shellPath = /bin/sh;
			shellScript = "\"${PODS_ROOT}/Target Support Files/Pods-LoginApp-LoginAppUITests/Pods-LoginApp-LoginAppUITests-frameworks.sh\"\n";
			showEnvVarsInLog = 0;
		};
/* End PBXShellScriptBuildPhase section */

/* Begin PBXSourcesBuildPhase section */
		A9A633752B1794CB00EAF6CB /* Sources */ = {
			isa = PBXSourcesBuildPhase;
			buildActionMask = 2147483647;
			files = (
				A9F8B3E22B19849A00E415D5 /* LoginService.swift in Sources */,
				A92B6B6B2B18B13C000846DF /* LoginType.swift in Sources */,
				A9F8B3E82B1986DE00E415D5 /* LoginResponse.swift in Sources */,
				A9A633812B1794CB00EAF6CB /* BaseViewController.swift in Sources */,
				A9A6337D2B1794CB00EAF6CB /* AppDelegate.swift in Sources */,
				A92B6B6D2B18B6F7000846DF /* LoginType+Extensions.swift in Sources */,
				A92B6B692B18AFA9000846DF /* LoginViewModel.swift in Sources */,
				A92B6B612B1871D1000846DF /* UIView+Extensions.swift in Sources */,
				A9F8B3EE2B19921D00E415D5 /* TokenManager.swift in Sources */,
				A92B6B702B18BB4E000846DF /* TextField.swift in Sources */,
				A9F8B3F02B19A13000E415D5 /* UIViewController+Extensions.swift in Sources */,
				A92B6B672B188F98000846DF /* LoginViewController.swift in Sources */,
				A9A6337F2B1794CB00EAF6CB /* SceneDelegate.swift in Sources */,
				A9F8B3E42B1984E000E415D5 /* Endpoint.swift in Sources */,
			);
			runOnlyForDeploymentPostprocessing = 0;
		};
		A9A6338B2B1794CC00EAF6CB /* Sources */ = {
			isa = PBXSourcesBuildPhase;
			buildActionMask = 2147483647;
			files = (
				A9A633942B1794CC00EAF6CB /* LoginAppTests.swift in Sources */,
			);
			runOnlyForDeploymentPostprocessing = 0;
		};
		A9A633952B1794CC00EAF6CB /* Sources */ = {
			isa = PBXSourcesBuildPhase;
			buildActionMask = 2147483647;
			files = (
				A9A633A02B1794CC00EAF6CB /* LoginAppUITestsLaunchTests.swift in Sources */,
				A9A6339E2B1794CC00EAF6CB /* LoginAppUITests.swift in Sources */,
			);
			runOnlyForDeploymentPostprocessing = 0;
		};
/* End PBXSourcesBuildPhase section */

/* Begin PBXTargetDependency section */
		A9A633912B1794CC00EAF6CB /* PBXTargetDependency */ = {
			isa = PBXTargetDependency;
			target = A9A633782B1794CB00EAF6CB /* LoginApp */;
			targetProxy = A9A633902B1794CC00EAF6CB /* PBXContainerItemProxy */;
		};
		A9A6339B2B1794CC00EAF6CB /* PBXTargetDependency */ = {
			isa = PBXTargetDependency;
			target = A9A633782B1794CB00EAF6CB /* LoginApp */;
			targetProxy = A9A6339A2B1794CC00EAF6CB /* PBXContainerItemProxy */;
		};
/* End PBXTargetDependency section */

/* Begin PBXVariantGroup section */
		A9A633872B1794CC00EAF6CB /* LaunchScreen.storyboard */ = {
			isa = PBXVariantGroup;
			children = (
				A9A633882B1794CC00EAF6CB /* Base */,
			);
			name = LaunchScreen.storyboard;
			sourceTree = "<group>";
		};
/* End PBXVariantGroup section */

/* Begin XCBuildConfiguration section */
		A9A633A12B1794CC00EAF6CB /* Debug */ = {
			isa = XCBuildConfiguration;
			buildSettings = {
				ALWAYS_SEARCH_USER_PATHS = NO;
				CLANG_ANALYZER_NONNULL = YES;
				CLANG_ANALYZER_NUMBER_OBJECT_CONVERSION = YES_AGGRESSIVE;
				CLANG_CXX_LANGUAGE_STANDARD = "gnu++20";
				CLANG_ENABLE_MODULES = YES;
				CLANG_ENABLE_OBJC_ARC = YES;
				CLANG_ENABLE_OBJC_WEAK = YES;
				CLANG_WARN_BLOCK_CAPTURE_AUTORELEASING = YES;
				CLANG_WARN_BOOL_CONVERSION = YES;
				CLANG_WARN_COMMA = YES;
				CLANG_WARN_CONSTANT_CONVERSION = YES;
				CLANG_WARN_DEPRECATED_OBJC_IMPLEMENTATIONS = YES;
				CLANG_WARN_DIRECT_OBJC_ISA_USAGE = YES_ERROR;
				CLANG_WARN_DOCUMENTATION_COMMENTS = YES;
				CLANG_WARN_EMPTY_BODY = YES;
				CLANG_WARN_ENUM_CONVERSION = YES;
				CLANG_WARN_INFINITE_RECURSION = YES;
				CLANG_WARN_INT_CONVERSION = YES;
				CLANG_WARN_NON_LITERAL_NULL_CONVERSION = YES;
				CLANG_WARN_OBJC_IMPLICIT_RETAIN_SELF = YES;
				CLANG_WARN_OBJC_LITERAL_CONVERSION = YES;
				CLANG_WARN_OBJC_ROOT_CLASS = YES_ERROR;
				CLANG_WARN_QUOTED_INCLUDE_IN_FRAMEWORK_HEADER = YES;
				CLANG_WARN_RANGE_LOOP_ANALYSIS = YES;
				CLANG_WARN_STRICT_PROTOTYPES = YES;
				CLANG_WARN_SUSPICIOUS_MOVE = YES;
				CLANG_WARN_UNGUARDED_AVAILABILITY = YES_AGGRESSIVE;
				CLANG_WARN_UNREACHABLE_CODE = YES;
				CLANG_WARN__DUPLICATE_METHOD_MATCH = YES;
				COPY_PHASE_STRIP = NO;
				DEBUG_INFORMATION_FORMAT = dwarf;
				ENABLE_STRICT_OBJC_MSGSEND = YES;
				ENABLE_TESTABILITY = YES;
				GCC_C_LANGUAGE_STANDARD = gnu11;
				GCC_DYNAMIC_NO_PIC = NO;
				GCC_NO_COMMON_BLOCKS = YES;
				GCC_OPTIMIZATION_LEVEL = 0;
				GCC_PREPROCESSOR_DEFINITIONS = (
					"DEBUG=1",
					"$(inherited)",
				);
				GCC_WARN_64_TO_32_BIT_CONVERSION = YES;
				GCC_WARN_ABOUT_RETURN_TYPE = YES_ERROR;
				GCC_WARN_UNDECLARED_SELECTOR = YES;
				GCC_WARN_UNINITIALIZED_AUTOS = YES_AGGRESSIVE;
				GCC_WARN_UNUSED_FUNCTION = YES;
				GCC_WARN_UNUSED_VARIABLE = YES;
				IPHONEOS_DEPLOYMENT_TARGET = 16.4;
				MTL_ENABLE_DEBUG_INFO = INCLUDE_SOURCE;
				MTL_FAST_MATH = YES;
				ONLY_ACTIVE_ARCH = YES;
				SDKROOT = iphoneos;
				SWIFT_ACTIVE_COMPILATION_CONDITIONS = DEBUG;
				SWIFT_OPTIMIZATION_LEVEL = "-Onone";
			};
			name = Debug;
		};
		A9A633A22B1794CC00EAF6CB /* Release */ = {
			isa = XCBuildConfiguration;
			buildSettings = {
				ALWAYS_SEARCH_USER_PATHS = NO;
				CLANG_ANALYZER_NONNULL = YES;
				CLANG_ANALYZER_NUMBER_OBJECT_CONVERSION = YES_AGGRESSIVE;
				CLANG_CXX_LANGUAGE_STANDARD = "gnu++20";
				CLANG_ENABLE_MODULES = YES;
				CLANG_ENABLE_OBJC_ARC = YES;
				CLANG_ENABLE_OBJC_WEAK = YES;
				CLANG_WARN_BLOCK_CAPTURE_AUTORELEASING = YES;
				CLANG_WARN_BOOL_CONVERSION = YES;
				CLANG_WARN_COMMA = YES;
				CLANG_WARN_CONSTANT_CONVERSION = YES;
				CLANG_WARN_DEPRECATED_OBJC_IMPLEMENTATIONS = YES;
				CLANG_WARN_DIRECT_OBJC_ISA_USAGE = YES_ERROR;
				CLANG_WARN_DOCUMENTATION_COMMENTS = YES;
				CLANG_WARN_EMPTY_BODY = YES;
				CLANG_WARN_ENUM_CONVERSION = YES;
				CLANG_WARN_INFINITE_RECURSION = YES;
				CLANG_WARN_INT_CONVERSION = YES;
				CLANG_WARN_NON_LITERAL_NULL_CONVERSION = YES;
				CLANG_WARN_OBJC_IMPLICIT_RETAIN_SELF = YES;
				CLANG_WARN_OBJC_LITERAL_CONVERSION = YES;
				CLANG_WARN_OBJC_ROOT_CLASS = YES_ERROR;
				CLANG_WARN_QUOTED_INCLUDE_IN_FRAMEWORK_HEADER = YES;
				CLANG_WARN_RANGE_LOOP_ANALYSIS = YES;
				CLANG_WARN_STRICT_PROTOTYPES = YES;
				CLANG_WARN_SUSPICIOUS_MOVE = YES;
				CLANG_WARN_UNGUARDED_AVAILABILITY = YES_AGGRESSIVE;
				CLANG_WARN_UNREACHABLE_CODE = YES;
				CLANG_WARN__DUPLICATE_METHOD_MATCH = YES;
				COPY_PHASE_STRIP = NO;
				DEBUG_INFORMATION_FORMAT = "dwarf-with-dsym";
				ENABLE_NS_ASSERTIONS = NO;
				ENABLE_STRICT_OBJC_MSGSEND = YES;
				GCC_C_LANGUAGE_STANDARD = gnu11;
				GCC_NO_COMMON_BLOCKS = YES;
				GCC_WARN_64_TO_32_BIT_CONVERSION = YES;
				GCC_WARN_ABOUT_RETURN_TYPE = YES_ERROR;
				GCC_WARN_UNDECLARED_SELECTOR = YES;
				GCC_WARN_UNINITIALIZED_AUTOS = YES_AGGRESSIVE;
				GCC_WARN_UNUSED_FUNCTION = YES;
				GCC_WARN_UNUSED_VARIABLE = YES;
				IPHONEOS_DEPLOYMENT_TARGET = 16.4;
				MTL_ENABLE_DEBUG_INFO = NO;
				MTL_FAST_MATH = YES;
				SDKROOT = iphoneos;
				SWIFT_COMPILATION_MODE = wholemodule;
				SWIFT_OPTIMIZATION_LEVEL = "-O";
				VALIDATE_PRODUCT = YES;
			};
			name = Release;
		};
		A9A633A42B1794CC00EAF6CB /* Debug */ = {
			isa = XCBuildConfiguration;
			baseConfigurationReference = DD8D816F24EC7761DB13CACA /* Pods-LoginApp.debug.xcconfig */;
			buildSettings = {
				ASSETCATALOG_COMPILER_APPICON_NAME = AppIcon;
				ASSETCATALOG_COMPILER_GLOBAL_ACCENT_COLOR_NAME = AccentColor;
				CODE_SIGN_STYLE = Automatic;
				CURRENT_PROJECT_VERSION = 1;
				GENERATE_INFOPLIST_FILE = YES;
				INFOPLIST_FILE = LoginApp/Info.plist;
				INFOPLIST_KEY_UIApplicationSupportsIndirectInputEvents = YES;
				INFOPLIST_KEY_UILaunchStoryboardName = LaunchScreen;
				INFOPLIST_KEY_UIMainStoryboardFile = "";
				INFOPLIST_KEY_UISupportedInterfaceOrientations_iPad = "UIInterfaceOrientationPortrait UIInterfaceOrientationPortraitUpsideDown UIInterfaceOrientationLandscapeLeft UIInterfaceOrientationLandscapeRight";
				INFOPLIST_KEY_UISupportedInterfaceOrientations_iPhone = "UIInterfaceOrientationPortrait UIInterfaceOrientationLandscapeLeft UIInterfaceOrientationLandscapeRight";
				IPHONEOS_DEPLOYMENT_TARGET = 10.0;
				LD_RUNPATH_SEARCH_PATHS = (
					"$(inherited)",
					"@executable_path/Frameworks",
				);
				MARKETING_VERSION = 1.0;
				PRODUCT_BUNDLE_IDENTIFIER = login.demo.LoginApp;
				PRODUCT_NAME = "$(TARGET_NAME)";
				SWIFT_EMIT_LOC_STRINGS = YES;
				SWIFT_VERSION = 5.0;
				TARGETED_DEVICE_FAMILY = "1,2";
			};
			name = Debug;
		};
		A9A633A52B1794CC00EAF6CB /* Release */ = {
			isa = XCBuildConfiguration;
			baseConfigurationReference = 64FA6DF1FFA595C06F49346B /* Pods-LoginApp.release.xcconfig */;
			buildSettings = {
				ASSETCATALOG_COMPILER_APPICON_NAME = AppIcon;
				ASSETCATALOG_COMPILER_GLOBAL_ACCENT_COLOR_NAME = AccentColor;
				CODE_SIGN_STYLE = Automatic;
				CURRENT_PROJECT_VERSION = 1;
				GENERATE_INFOPLIST_FILE = YES;
				INFOPLIST_FILE = LoginApp/Info.plist;
				INFOPLIST_KEY_UIApplicationSupportsIndirectInputEvents = YES;
				INFOPLIST_KEY_UILaunchStoryboardName = LaunchScreen;
				INFOPLIST_KEY_UIMainStoryboardFile = "";
				INFOPLIST_KEY_UISupportedInterfaceOrientations_iPad = "UIInterfaceOrientationPortrait UIInterfaceOrientationPortraitUpsideDown UIInterfaceOrientationLandscapeLeft UIInterfaceOrientationLandscapeRight";
				INFOPLIST_KEY_UISupportedInterfaceOrientations_iPhone = "UIInterfaceOrientationPortrait UIInterfaceOrientationLandscapeLeft UIInterfaceOrientationLandscapeRight";
				IPHONEOS_DEPLOYMENT_TARGET = 10.0;
				LD_RUNPATH_SEARCH_PATHS = (
					"$(inherited)",
					"@executable_path/Frameworks",
				);
				MARKETING_VERSION = 1.0;
				PRODUCT_BUNDLE_IDENTIFIER = login.demo.LoginApp;
				PRODUCT_NAME = "$(TARGET_NAME)";
				SWIFT_EMIT_LOC_STRINGS = YES;
				SWIFT_VERSION = 5.0;
				TARGETED_DEVICE_FAMILY = "1,2";
			};
			name = Release;
		};
		A9A633A72B1794CC00EAF6CB /* Debug */ = {
			isa = XCBuildConfiguration;
			baseConfigurationReference = 8457F620C6EB6B32E4542293 /* Pods-LoginAppTests.debug.xcconfig */;
			buildSettings = {
				ALWAYS_EMBED_SWIFT_STANDARD_LIBRARIES = YES;
				BUNDLE_LOADER = "$(TEST_HOST)";
				CODE_SIGN_STYLE = Automatic;
				CURRENT_PROJECT_VERSION = 1;
				GENERATE_INFOPLIST_FILE = YES;
				IPHONEOS_DEPLOYMENT_TARGET = 16.4;
				MARKETING_VERSION = 1.0;
				PRODUCT_BUNDLE_IDENTIFIER = login.demo.LoginAppTests;
				PRODUCT_NAME = "$(TARGET_NAME)";
				SWIFT_EMIT_LOC_STRINGS = NO;
				SWIFT_VERSION = 5.0;
				TARGETED_DEVICE_FAMILY = "1,2";
				TEST_HOST = "$(BUILT_PRODUCTS_DIR)/LoginApp.app/$(BUNDLE_EXECUTABLE_FOLDER_PATH)/LoginApp";
			};
			name = Debug;
		};
		A9A633A82B1794CC00EAF6CB /* Release */ = {
			isa = XCBuildConfiguration;
			baseConfigurationReference = 1B5764D32BBA8186CECFF803 /* Pods-LoginAppTests.release.xcconfig */;
			buildSettings = {
				ALWAYS_EMBED_SWIFT_STANDARD_LIBRARIES = YES;
				BUNDLE_LOADER = "$(TEST_HOST)";
				CODE_SIGN_STYLE = Automatic;
				CURRENT_PROJECT_VERSION = 1;
				GENERATE_INFOPLIST_FILE = YES;
				IPHONEOS_DEPLOYMENT_TARGET = 16.4;
				MARKETING_VERSION = 1.0;
				PRODUCT_BUNDLE_IDENTIFIER = login.demo.LoginAppTests;
				PRODUCT_NAME = "$(TARGET_NAME)";
				SWIFT_EMIT_LOC_STRINGS = NO;
				SWIFT_VERSION = 5.0;
				TARGETED_DEVICE_FAMILY = "1,2";
				TEST_HOST = "$(BUILT_PRODUCTS_DIR)/LoginApp.app/$(BUNDLE_EXECUTABLE_FOLDER_PATH)/LoginApp";
			};
			name = Release;
		};
		A9A633AA2B1794CC00EAF6CB /* Debug */ = {
			isa = XCBuildConfiguration;
			baseConfigurationReference = 00A8C2D5F327BCF90C00057A /* Pods-LoginApp-LoginAppUITests.debug.xcconfig */;
			buildSettings = {
				ALWAYS_EMBED_SWIFT_STANDARD_LIBRARIES = YES;
				CODE_SIGN_STYLE = Automatic;
				CURRENT_PROJECT_VERSION = 1;
				GENERATE_INFOPLIST_FILE = YES;
				MARKETING_VERSION = 1.0;
				PRODUCT_BUNDLE_IDENTIFIER = login.demo.LoginAppUITests;
				PRODUCT_NAME = "$(TARGET_NAME)";
				SWIFT_EMIT_LOC_STRINGS = NO;
				SWIFT_VERSION = 5.0;
				TARGETED_DEVICE_FAMILY = "1,2";
				TEST_TARGET_NAME = LoginApp;
			};
			name = Debug;
		};
		A9A633AB2B1794CC00EAF6CB /* Release */ = {
			isa = XCBuildConfiguration;
			baseConfigurationReference = B6F833C6E25D6607C7475135 /* Pods-LoginApp-LoginAppUITests.release.xcconfig */;
			buildSettings = {
				ALWAYS_EMBED_SWIFT_STANDARD_LIBRARIES = YES;
				CODE_SIGN_STYLE = Automatic;
				CURRENT_PROJECT_VERSION = 1;
				GENERATE_INFOPLIST_FILE = YES;
				MARKETING_VERSION = 1.0;
				PRODUCT_BUNDLE_IDENTIFIER = login.demo.LoginAppUITests;
				PRODUCT_NAME = "$(TARGET_NAME)";
				SWIFT_EMIT_LOC_STRINGS = NO;
				SWIFT_VERSION = 5.0;
				TARGETED_DEVICE_FAMILY = "1,2";
				TEST_TARGET_NAME = LoginApp;
			};
			name = Release;
		};
/* End XCBuildConfiguration section */

/* Begin XCConfigurationList section */
		A9A633742B1794CA00EAF6CB /* Build configuration list for PBXProject "LoginApp" */ = {
			isa = XCConfigurationList;
			buildConfigurations = (
				A9A633A12B1794CC00EAF6CB /* Debug */,
				A9A633A22B1794CC00EAF6CB /* Release */,
			);
			defaultConfigurationIsVisible = 0;
			defaultConfigurationName = Release;
		};
		A9A633A32B1794CC00EAF6CB /* Build configuration list for PBXNativeTarget "LoginApp" */ = {
			isa = XCConfigurationList;
			buildConfigurations = (
				A9A633A42B1794CC00EAF6CB /* Debug */,
				A9A633A52B1794CC00EAF6CB /* Release */,
			);
			defaultConfigurationIsVisible = 0;
			defaultConfigurationName = Release;
		};
		A9A633A62B1794CC00EAF6CB /* Build configuration list for PBXNativeTarget "LoginAppTests" */ = {
			isa = XCConfigurationList;
			buildConfigurations = (
				A9A633A72B1794CC00EAF6CB /* Debug */,
				A9A633A82B1794CC00EAF6CB /* Release */,
			);
			defaultConfigurationIsVisible = 0;
			defaultConfigurationName = Release;
		};
		A9A633A92B1794CC00EAF6CB /* Build configuration list for PBXNativeTarget "LoginAppUITests" */ = {
			isa = XCConfigurationList;
			buildConfigurations = (
				A9A633AA2B1794CC00EAF6CB /* Debug */,
				A9A633AB2B1794CC00EAF6CB /* Release */,
			);
			defaultConfigurationIsVisible = 0;
			defaultConfigurationName = Release;
		};
/* End XCConfigurationList section */
	};
	rootObject = A9A633712B1794CA00EAF6CB /* Project object */;
}
